// !$*UTF8*$!
{
	archiveVersion = 1;
	classes = {
	};
	objectVersion = 50;
	objects = {

/* Begin PBXBuildFile section */
		09B0B26B0EA49DCB37E24B49 /* Pods_MessageMyFriends.framework in Frameworks */ = {isa = PBXBuildFile; fileRef = 4D2AB5495C9A73EC1381CD9F /* Pods_MessageMyFriends.framework */; };
		0C2502BB2237249A0078ED6C /* LoginVC.swift in Sources */ = {isa = PBXBuildFile; fileRef = 0C2502BA2237249A0078ED6C /* LoginVC.swift */; };
		0C2502BD22372C060078ED6C /* HomeVC.swift in Sources */ = {isa = PBXBuildFile; fileRef = 0C2502BC22372C060078ED6C /* HomeVC.swift */; };
		7B5AFE612237157700B6168B /* AppDelegate.swift in Sources */ = {isa = PBXBuildFile; fileRef = 7B5AFE602237157700B6168B /* AppDelegate.swift */; };
		7B5AFE632237157700B6168B /* LaunchVC.swift in Sources */ = {isa = PBXBuildFile; fileRef = 7B5AFE622237157700B6168B /* LaunchVC.swift */; };
		7B5AFE662237157700B6168B /* Main.storyboard in Resources */ = {isa = PBXBuildFile; fileRef = 7B5AFE642237157700B6168B /* Main.storyboard */; };
		7B5AFE682237157B00B6168B /* Assets.xcassets in Resources */ = {isa = PBXBuildFile; fileRef = 7B5AFE672237157B00B6168B /* Assets.xcassets */; };
		7B5AFE6B2237157B00B6168B /* LaunchScreen.storyboard in Resources */ = {isa = PBXBuildFile; fileRef = 7B5AFE692237157B00B6168B /* LaunchScreen.storyboard */; };
		7B5AFE762237157B00B6168B /* MessageMyFriendsUITests.swift in Sources */ = {isa = PBXBuildFile; fileRef = 7B5AFE752237157B00B6168B /* MessageMyFriendsUITests.swift */; };
		7B5AFE8422371DE000B6168B /* GoogleService-Info.plist in Resources */ = {isa = PBXBuildFile; fileRef = 7B5AFE8322371DE000B6168B /* GoogleService-Info.plist */; };
		7B5AFE862237668800B6168B /* AppDelegate-linkhandling.swift in Sources */ = {isa = PBXBuildFile; fileRef = 7B5AFE852237668800B6168B /* AppDelegate-linkhandling.swift */; };
		7B5AFE882237693A00B6168B /* User.swift in Sources */ = {isa = PBXBuildFile; fileRef = 7B5AFE872237693A00B6168B /* User.swift */; };
		7B5AFE8A22377F6700B6168B /* ConfigUserVC.swift in Sources */ = {isa = PBXBuildFile; fileRef = 7B5AFE8922377F6700B6168B /* ConfigUserVC.swift */; };
		7B5AFE8C2237842800B6168B /* AddFriendVC.swift in Sources */ = {isa = PBXBuildFile; fileRef = 7B5AFE8B2237842800B6168B /* AddFriendVC.swift */; };
		7B5AFE932237855500B6168B /* LoginVC-uisetup.swift in Sources */ = {isa = PBXBuildFile; fileRef = 7B5AFE922237855500B6168B /* LoginVC-uisetup.swift */; };
		7B5AFE95223863CF00B6168B /* AddFriendVC-table.swift in Sources */ = {isa = PBXBuildFile; fileRef = 7B5AFE94223863CF00B6168B /* AddFriendVC-table.swift */; };
		7B5AFE972238643400B6168B /* FriendCell.swift in Sources */ = {isa = PBXBuildFile; fileRef = 7B5AFE962238643400B6168B /* FriendCell.swift */; };
		7B5AFE992238659000B6168B /* FirebaseAPIHelper.swift in Sources */ = {isa = PBXBuildFile; fileRef = 7B5AFE982238659000B6168B /* FirebaseAPIHelper.swift */; };
		7B5AFE9B2239015E00B6168B /* ConfigUserVC-uisetup.swift in Sources */ = {isa = PBXBuildFile; fileRef = 7B5AFE9A2239015E00B6168B /* ConfigUserVC-uisetup.swift */; };
		7B5AFE9D2239F92E00B6168B /* HomeVC-map.swift in Sources */ = {isa = PBXBuildFile; fileRef = 7B5AFE9C2239F92E00B6168B /* HomeVC-map.swift */; };
		7B5AFE9F2239F95A00B6168B /* HomeVC-uisetup.swift in Sources */ = {isa = PBXBuildFile; fileRef = 7B5AFE9E2239F95A00B6168B /* HomeVC-uisetup.swift */; };
		7B5AFEA12239FA9900B6168B /* HomeVC-coordinate.swift in Sources */ = {isa = PBXBuildFile; fileRef = 7B5AFEA02239FA9900B6168B /* HomeVC-coordinate.swift */; };
		AF0EFA62B8CEC821EEC8DA8A /* Pods_MessageMyFriendsUITests.framework in Frameworks */ = {isa = PBXBuildFile; fileRef = C151E065BA09A310FBDF6380 /* Pods_MessageMyFriendsUITests.framework */; };
/* End PBXBuildFile section */

/* Begin PBXContainerItemProxy section */
		7B5AFE722237157B00B6168B /* PBXContainerItemProxy */ = {
			isa = PBXContainerItemProxy;
			containerPortal = 7B5AFE552237157700B6168B /* Project object */;
			proxyType = 1;
			remoteGlobalIDString = 7B5AFE5C2237157700B6168B;
			remoteInfo = MessageMyFriends;
		};
/* End PBXContainerItemProxy section */

/* Begin PBXFileReference section */
		0C2502BA2237249A0078ED6C /* LoginVC.swift */ = {isa = PBXFileReference; lastKnownFileType = sourcecode.swift; path = LoginVC.swift; sourceTree = "<group>"; };
		0C2502BC22372C060078ED6C /* HomeVC.swift */ = {isa = PBXFileReference; lastKnownFileType = sourcecode.swift; path = HomeVC.swift; sourceTree = "<group>"; };
		18C7369A3554995178340DF1 /* Pods-MessageMyFriends.release.xcconfig */ = {isa = PBXFileReference; includeInIndex = 1; lastKnownFileType = text.xcconfig; name = "Pods-MessageMyFriends.release.xcconfig"; path = "Target Support Files/Pods-MessageMyFriends/Pods-MessageMyFriends.release.xcconfig"; sourceTree = "<group>"; };
		421DEEE395006332326121A8 /* Pods-MessageMyFriendsUITests.debug.xcconfig */ = {isa = PBXFileReference; includeInIndex = 1; lastKnownFileType = text.xcconfig; name = "Pods-MessageMyFriendsUITests.debug.xcconfig"; path = "Target Support Files/Pods-MessageMyFriendsUITests/Pods-MessageMyFriendsUITests.debug.xcconfig"; sourceTree = "<group>"; };
		4D2AB5495C9A73EC1381CD9F /* Pods_MessageMyFriends.framework */ = {isa = PBXFileReference; explicitFileType = wrapper.framework; includeInIndex = 0; path = Pods_MessageMyFriends.framework; sourceTree = BUILT_PRODUCTS_DIR; };
		7B5AFE5D2237157700B6168B /* MessageMyFriends.app */ = {isa = PBXFileReference; explicitFileType = wrapper.application; includeInIndex = 0; path = MessageMyFriends.app; sourceTree = BUILT_PRODUCTS_DIR; };
		7B5AFE602237157700B6168B /* AppDelegate.swift */ = {isa = PBXFileReference; lastKnownFileType = sourcecode.swift; path = AppDelegate.swift; sourceTree = "<group>"; };
		7B5AFE622237157700B6168B /* LaunchVC.swift */ = {isa = PBXFileReference; lastKnownFileType = sourcecode.swift; path = LaunchVC.swift; sourceTree = "<group>"; };
		7B5AFE652237157700B6168B /* Base */ = {isa = PBXFileReference; lastKnownFileType = file.storyboard; name = Base; path = Base.lproj/Main.storyboard; sourceTree = "<group>"; };
		7B5AFE672237157B00B6168B /* Assets.xcassets */ = {isa = PBXFileReference; lastKnownFileType = folder.assetcatalog; path = Assets.xcassets; sourceTree = "<group>"; };
		7B5AFE6A2237157B00B6168B /* Base */ = {isa = PBXFileReference; lastKnownFileType = file.storyboard; name = Base; path = Base.lproj/LaunchScreen.storyboard; sourceTree = "<group>"; };
		7B5AFE6C2237157B00B6168B /* Info.plist */ = {isa = PBXFileReference; lastKnownFileType = text.plist.xml; path = Info.plist; sourceTree = "<group>"; };
		7B5AFE712237157B00B6168B /* MessageMyFriendsUITests.xctest */ = {isa = PBXFileReference; explicitFileType = wrapper.cfbundle; includeInIndex = 0; path = MessageMyFriendsUITests.xctest; sourceTree = BUILT_PRODUCTS_DIR; };
		7B5AFE752237157B00B6168B /* MessageMyFriendsUITests.swift */ = {isa = PBXFileReference; lastKnownFileType = sourcecode.swift; path = MessageMyFriendsUITests.swift; sourceTree = "<group>"; };
		7B5AFE772237157B00B6168B /* Info.plist */ = {isa = PBXFileReference; lastKnownFileType = text.plist.xml; path = Info.plist; sourceTree = "<group>"; };
		7B5AFE8222371D3F00B6168B /* MessageMyFriends.entitlements */ = {isa = PBXFileReference; lastKnownFileType = text.plist.entitlements; path = MessageMyFriends.entitlements; sourceTree = "<group>"; };
		7B5AFE8322371DE000B6168B /* GoogleService-Info.plist */ = {isa = PBXFileReference; fileEncoding = 4; lastKnownFileType = text.plist.xml; path = "GoogleService-Info.plist"; sourceTree = "<group>"; };
		7B5AFE852237668800B6168B /* AppDelegate-linkhandling.swift */ = {isa = PBXFileReference; lastKnownFileType = sourcecode.swift; path = "AppDelegate-linkhandling.swift"; sourceTree = "<group>"; };
		7B5AFE872237693A00B6168B /* User.swift */ = {isa = PBXFileReference; lastKnownFileType = sourcecode.swift; name = User.swift; path = "MessageMyFriends/App Delegates/User.swift"; sourceTree = SOURCE_ROOT; };
		7B5AFE8922377F6700B6168B /* ConfigUserVC.swift */ = {isa = PBXFileReference; lastKnownFileType = sourcecode.swift; path = ConfigUserVC.swift; sourceTree = "<group>"; };
		7B5AFE8B2237842800B6168B /* AddFriendVC.swift */ = {isa = PBXFileReference; lastKnownFileType = sourcecode.swift; path = AddFriendVC.swift; sourceTree = "<group>"; };
		7B5AFE922237855500B6168B /* LoginVC-uisetup.swift */ = {isa = PBXFileReference; lastKnownFileType = sourcecode.swift; path = "LoginVC-uisetup.swift"; sourceTree = "<group>"; };
		7B5AFE94223863CF00B6168B /* AddFriendVC-table.swift */ = {isa = PBXFileReference; lastKnownFileType = sourcecode.swift; path = "AddFriendVC-table.swift"; sourceTree = "<group>"; };
		7B5AFE962238643400B6168B /* FriendCell.swift */ = {isa = PBXFileReference; lastKnownFileType = sourcecode.swift; path = FriendCell.swift; sourceTree = "<group>"; };
		7B5AFE982238659000B6168B /* FirebaseAPIHelper.swift */ = {isa = PBXFileReference; lastKnownFileType = sourcecode.swift; name = FirebaseAPIHelper.swift; path = MessageMyFriends/ViewControllers/AddFriendVC/FirebaseAPIHelper.swift; sourceTree = SOURCE_ROOT; };
		7B5AFE9A2239015E00B6168B /* ConfigUserVC-uisetup.swift */ = {isa = PBXFileReference; lastKnownFileType = sourcecode.swift; path = "ConfigUserVC-uisetup.swift"; sourceTree = "<group>"; };
		7B5AFE9C2239F92E00B6168B /* HomeVC-map.swift */ = {isa = PBXFileReference; lastKnownFileType = sourcecode.swift; path = "HomeVC-map.swift"; sourceTree = "<group>"; };
		7B5AFE9E2239F95A00B6168B /* HomeVC-uisetup.swift */ = {isa = PBXFileReference; lastKnownFileType = sourcecode.swift; path = "HomeVC-uisetup.swift"; sourceTree = "<group>"; };
		7B5AFEA02239FA9900B6168B /* HomeVC-coordinate.swift */ = {isa = PBXFileReference; lastKnownFileType = sourcecode.swift; path = "HomeVC-coordinate.swift"; sourceTree = "<group>"; };
		94A003F0A5A52E6D651E34A4 /* Pods-MessageMyFriendsUITests.release.xcconfig */ = {isa = PBXFileReference; includeInIndex = 1; lastKnownFileType = text.xcconfig; name = "Pods-MessageMyFriendsUITests.release.xcconfig"; path = "Target Support Files/Pods-MessageMyFriendsUITests/Pods-MessageMyFriendsUITests.release.xcconfig"; sourceTree = "<group>"; };
		AAF3AEB146399F8AD367526C /* Pods-MessageMyFriends.debug.xcconfig */ = {isa = PBXFileReference; includeInIndex = 1; lastKnownFileType = text.xcconfig; name = "Pods-MessageMyFriends.debug.xcconfig"; path = "Target Support Files/Pods-MessageMyFriends/Pods-MessageMyFriends.debug.xcconfig"; sourceTree = "<group>"; };
		C151E065BA09A310FBDF6380 /* Pods_MessageMyFriendsUITests.framework */ = {isa = PBXFileReference; explicitFileType = wrapper.framework; includeInIndex = 0; path = Pods_MessageMyFriendsUITests.framework; sourceTree = BUILT_PRODUCTS_DIR; };
/* End PBXFileReference section */

/* Begin PBXFrameworksBuildPhase section */
		7B5AFE5A2237157700B6168B /* Frameworks */ = {
			isa = PBXFrameworksBuildPhase;
			buildActionMask = 2147483647;
			files = (
				09B0B26B0EA49DCB37E24B49 /* Pods_MessageMyFriends.framework in Frameworks */,
			);
			runOnlyForDeploymentPostprocessing = 0;
		};
		7B5AFE6E2237157B00B6168B /* Frameworks */ = {
			isa = PBXFrameworksBuildPhase;
			buildActionMask = 2147483647;
			files = (
				AF0EFA62B8CEC821EEC8DA8A /* Pods_MessageMyFriendsUITests.framework in Frameworks */,
			);
			runOnlyForDeploymentPostprocessing = 0;
		};
/* End PBXFrameworksBuildPhase section */

/* Begin PBXGroup section */
		0C2502B6223722990078ED6C /* App Delegates */ = {
			isa = PBXGroup;
			children = (
				7B5AFE602237157700B6168B /* AppDelegate.swift */,
				7B5AFE852237668800B6168B /* AppDelegate-linkhandling.swift */,
			);
			path = "App Delegates";
			sourceTree = "<group>";
		};
		0C2502B7223722AB0078ED6C /* FireBase API Helpers */ = {
			isa = PBXGroup;
			children = (
				7B5AFE982238659000B6168B /* FirebaseAPIHelper.swift */,
			);
			path = "FireBase API Helpers";
			sourceTree = "<group>";
		};
		0C2502B8223722B70078ED6C /* Models */ = {
			isa = PBXGroup;
			children = (
				7B5AFE872237693A00B6168B /* User.swift */,
			);
			path = Models;
			sourceTree = "<group>";
		};
		0C2502B9223722BE0078ED6C /* ViewControllers */ = {
			isa = PBXGroup;
			children = (
				7B5AFE91223784E100B6168B /* AddFriendVC */,
				7B5AFE90223784D500B6168B /* ConfigUserVC */,
				7B5AFE8F223784CC00B6168B /* LoginVC */,
				7B5AFE8E223784C000B6168B /* LaunchVC */,
				7B5AFE8D223784AC00B6168B /* HomeVC */,
			);
			path = ViewControllers;
			sourceTree = "<group>";
		};
		7B5AFE542237157700B6168B = {
			isa = PBXGroup;
			children = (
				7B5AFE5F2237157700B6168B /* MessageMyFriends */,
				7B5AFE742237157B00B6168B /* MessageMyFriendsUITests */,
				7B5AFE5E2237157700B6168B /* Products */,
				FD459BE0391A2DFDAAE4DFD1 /* Pods */,
				7E1936B8E82D31A0379F5979 /* Frameworks */,
			);
			sourceTree = "<group>";
		};
		7B5AFE5E2237157700B6168B /* Products */ = {
			isa = PBXGroup;
			children = (
				7B5AFE5D2237157700B6168B /* MessageMyFriends.app */,
				7B5AFE712237157B00B6168B /* MessageMyFriendsUITests.xctest */,
			);
			name = Products;
			sourceTree = "<group>";
		};
		7B5AFE5F2237157700B6168B /* MessageMyFriends */ = {
			isa = PBXGroup;
			children = (
				0C2502B6223722990078ED6C /* App Delegates */,
				0C2502B7223722AB0078ED6C /* FireBase API Helpers */,
				0C2502B8223722B70078ED6C /* Models */,
				0C2502B9223722BE0078ED6C /* ViewControllers */,
				7B5AFE8222371D3F00B6168B /* MessageMyFriends.entitlements */,
				7B5AFE642237157700B6168B /* Main.storyboard */,
				7B5AFE672237157B00B6168B /* Assets.xcassets */,
				7B5AFE692237157B00B6168B /* LaunchScreen.storyboard */,
				7B5AFE6C2237157B00B6168B /* Info.plist */,
				7B5AFE8322371DE000B6168B /* GoogleService-Info.plist */,
			);
			path = MessageMyFriends;
			sourceTree = "<group>";
		};
		7B5AFE742237157B00B6168B /* MessageMyFriendsUITests */ = {
			isa = PBXGroup;
			children = (
				7B5AFE752237157B00B6168B /* MessageMyFriendsUITests.swift */,
				7B5AFE772237157B00B6168B /* Info.plist */,
			);
			path = MessageMyFriendsUITests;
			sourceTree = "<group>";
		};
		7B5AFE8D223784AC00B6168B /* HomeVC */ = {
			isa = PBXGroup;
			children = (
				0C2502BC22372C060078ED6C /* HomeVC.swift */,
				7B5AFE9C2239F92E00B6168B /* HomeVC-map.swift */,
				7B5AFE9E2239F95A00B6168B /* HomeVC-uisetup.swift */,
				7B5AFEA02239FA9900B6168B /* HomeVC-coordinate.swift */,
			);
			path = HomeVC;
			sourceTree = "<group>";
		};
		7B5AFE8E223784C000B6168B /* LaunchVC */ = {
			isa = PBXGroup;
			children = (
				7B5AFE622237157700B6168B /* LaunchVC.swift */,
			);
			path = LaunchVC;
			sourceTree = "<group>";
		};
		7B5AFE8F223784CC00B6168B /* LoginVC */ = {
			isa = PBXGroup;
			children = (
				0C2502BA2237249A0078ED6C /* LoginVC.swift */,
				7B5AFE922237855500B6168B /* LoginVC-uisetup.swift */,
			);
			path = LoginVC;
			sourceTree = "<group>";
		};
		7B5AFE90223784D500B6168B /* ConfigUserVC */ = {
			isa = PBXGroup;
			children = (
				7B5AFE8922377F6700B6168B /* ConfigUserVC.swift */,
				7B5AFE9A2239015E00B6168B /* ConfigUserVC-uisetup.swift */,
			);
			path = ConfigUserVC;
			sourceTree = "<group>";
		};
		7B5AFE91223784E100B6168B /* AddFriendVC */ = {
			isa = PBXGroup;
			children = (
				7B5AFE8B2237842800B6168B /* AddFriendVC.swift */,
				7B5AFE94223863CF00B6168B /* AddFriendVC-table.swift */,
				7B5AFE962238643400B6168B /* FriendCell.swift */,
			);
			path = AddFriendVC;
			sourceTree = "<group>";
		};
		7E1936B8E82D31A0379F5979 /* Frameworks */ = {
			isa = PBXGroup;
			children = (
				4D2AB5495C9A73EC1381CD9F /* Pods_MessageMyFriends.framework */,
				C151E065BA09A310FBDF6380 /* Pods_MessageMyFriendsUITests.framework */,
			);
			name = Frameworks;
			sourceTree = "<group>";
		};
		FD459BE0391A2DFDAAE4DFD1 /* Pods */ = {
			isa = PBXGroup;
			children = (
				AAF3AEB146399F8AD367526C /* Pods-MessageMyFriends.debug.xcconfig */,
				18C7369A3554995178340DF1 /* Pods-MessageMyFriends.release.xcconfig */,
				421DEEE395006332326121A8 /* Pods-MessageMyFriendsUITests.debug.xcconfig */,
				94A003F0A5A52E6D651E34A4 /* Pods-MessageMyFriendsUITests.release.xcconfig */,
			);
			path = Pods;
			sourceTree = "<group>";
		};
/* End PBXGroup section */

/* Begin PBXNativeTarget section */
		7B5AFE5C2237157700B6168B /* MessageMyFriends */ = {
			isa = PBXNativeTarget;
			buildConfigurationList = 7B5AFE7A2237157B00B6168B /* Build configuration list for PBXNativeTarget "MessageMyFriends" */;
			buildPhases = (
				931F408894391FF9F0A233F6 /* [CP] Check Pods Manifest.lock */,
				7B5AFE592237157700B6168B /* Sources */,
				7B5AFE5A2237157700B6168B /* Frameworks */,
				7B5AFE5B2237157700B6168B /* Resources */,
				1CECEC421941DB92A3DAD130 /* [CP] Embed Pods Frameworks */,
			);
			buildRules = (
			);
			dependencies = (
			);
			name = MessageMyFriends;
			productName = MessageMyFriends;
			productReference = 7B5AFE5D2237157700B6168B /* MessageMyFriends.app */;
			productType = "com.apple.product-type.application";
		};
		7B5AFE702237157B00B6168B /* MessageMyFriendsUITests */ = {
			isa = PBXNativeTarget;
			buildConfigurationList = 7B5AFE7D2237157B00B6168B /* Build configuration list for PBXNativeTarget "MessageMyFriendsUITests" */;
			buildPhases = (
				DB1F56D954F5866AA45F4ADA /* [CP] Check Pods Manifest.lock */,
				7B5AFE6D2237157B00B6168B /* Sources */,
				7B5AFE6E2237157B00B6168B /* Frameworks */,
				7B5AFE6F2237157B00B6168B /* Resources */,
			);
			buildRules = (
			);
			dependencies = (
				7B5AFE732237157B00B6168B /* PBXTargetDependency */,
			);
			name = MessageMyFriendsUITests;
			productName = MessageMyFriendsUITests;
			productReference = 7B5AFE712237157B00B6168B /* MessageMyFriendsUITests.xctest */;
			productType = "com.apple.product-type.bundle.ui-testing";
		};
/* End PBXNativeTarget section */

/* Begin PBXProject section */
		7B5AFE552237157700B6168B /* Project object */ = {
			isa = PBXProject;
			attributes = {
				LastSwiftUpdateCheck = 1010;
				LastUpgradeCheck = 1010;
				ORGANIZATIONNAME = "Melanie Cooray";
				TargetAttributes = {
					7B5AFE5C2237157700B6168B = {
						CreatedOnToolsVersion = 10.1;
						SystemCapabilities = {
							com.apple.BackgroundModes = {
								enabled = 1;
							};
							com.apple.Push = {
								enabled = 1;
							};
							com.apple.SafariKeychain = {
								enabled = 1;
							};
						};
					};
					7B5AFE702237157B00B6168B = {
						CreatedOnToolsVersion = 10.1;
						TestTargetID = 7B5AFE5C2237157700B6168B;
					};
				};
			};
			buildConfigurationList = 7B5AFE582237157700B6168B /* Build configuration list for PBXProject "MessageMyFriends" */;
			compatibilityVersion = "Xcode 9.3";
			developmentRegion = en;
			hasScannedForEncodings = 0;
			knownRegions = (
				en,
				Base,
			);
			mainGroup = 7B5AFE542237157700B6168B;
			productRefGroup = 7B5AFE5E2237157700B6168B /* Products */;
			projectDirPath = "";
			projectRoot = "";
			targets = (
				7B5AFE5C2237157700B6168B /* MessageMyFriends */,
				7B5AFE702237157B00B6168B /* MessageMyFriendsUITests */,
			);
		};
/* End PBXProject section */

/* Begin PBXResourcesBuildPhase section */
		7B5AFE5B2237157700B6168B /* Resources */ = {
			isa = PBXResourcesBuildPhase;
			buildActionMask = 2147483647;
			files = (
				7B5AFE6B2237157B00B6168B /* LaunchScreen.storyboard in Resources */,
				7B5AFE682237157B00B6168B /* Assets.xcassets in Resources */,
				7B5AFE662237157700B6168B /* Main.storyboard in Resources */,
				7B5AFE8422371DE000B6168B /* GoogleService-Info.plist in Resources */,
			);
			runOnlyForDeploymentPostprocessing = 0;
		};
		7B5AFE6F2237157B00B6168B /* Resources */ = {
			isa = PBXResourcesBuildPhase;
			buildActionMask = 2147483647;
			files = (
			);
			runOnlyForDeploymentPostprocessing = 0;
		};
/* End PBXResourcesBuildPhase section */

/* Begin PBXShellScriptBuildPhase section */
		1CECEC421941DB92A3DAD130 /* [CP] Embed Pods Frameworks */ = {
			isa = PBXShellScriptBuildPhase;
			buildActionMask = 2147483647;
			files = (
			);
			inputFileListPaths = (
			);
			inputPaths = (
				"${PODS_ROOT}/Target Support Files/Pods-MessageMyFriends/Pods-MessageMyFriends-frameworks.sh",
				"${BUILT_PRODUCTS_DIR}/GTMSessionFetcher/GTMSessionFetcher.framework",
				"${BUILT_PRODUCTS_DIR}/GoogleUtilities/GoogleUtilities.framework",
				"${BUILT_PRODUCTS_DIR}/leveldb-library/leveldb.framework",
				"${BUILT_PRODUCTS_DIR}/nanopb/nanopb.framework",
			);
			name = "[CP] Embed Pods Frameworks";
			outputFileListPaths = (
			);
			outputPaths = (
				"${TARGET_BUILD_DIR}/${FRAMEWORKS_FOLDER_PATH}/GTMSessionFetcher.framework",
				"${TARGET_BUILD_DIR}/${FRAMEWORKS_FOLDER_PATH}/GoogleUtilities.framework",
				"${TARGET_BUILD_DIR}/${FRAMEWORKS_FOLDER_PATH}/leveldb.framework",
				"${TARGET_BUILD_DIR}/${FRAMEWORKS_FOLDER_PATH}/nanopb.framework",
			);
			runOnlyForDeploymentPostprocessing = 0;
			shellPath = /bin/sh;
			shellScript = "\"${PODS_ROOT}/Target Support Files/Pods-MessageMyFriends/Pods-MessageMyFriends-frameworks.sh\"\n";
			showEnvVarsInLog = 0;
		};
		931F408894391FF9F0A233F6 /* [CP] Check Pods Manifest.lock */ = {
			isa = PBXShellScriptBuildPhase;
			buildActionMask = 2147483647;
			files = (
			);
			inputFileListPaths = (
			);
			inputPaths = (
				"${PODS_PODFILE_DIR_PATH}/Podfile.lock",
				"${PODS_ROOT}/Manifest.lock",
			);
			name = "[CP] Check Pods Manifest.lock";
			outputFileListPaths = (
			);
			outputPaths = (
				"$(DERIVED_FILE_DIR)/Pods-MessageMyFriends-checkManifestLockResult.txt",
			);
			runOnlyForDeploymentPostprocessing = 0;
			shellPath = /bin/sh;
			shellScript = "diff \"${PODS_PODFILE_DIR_PATH}/Podfile.lock\" \"${PODS_ROOT}/Manifest.lock\" > /dev/null\nif [ $? != 0 ] ; then\n    # print error to STDERR\n    echo \"error: The sandbox is not in sync with the Podfile.lock. Run 'pod install' or update your CocoaPods installation.\" >&2\n    exit 1\nfi\n# This output is used by Xcode 'outputs' to avoid re-running this script phase.\necho \"SUCCESS\" > \"${SCRIPT_OUTPUT_FILE_0}\"\n";
			showEnvVarsInLog = 0;
		};
		DB1F56D954F5866AA45F4ADA /* [CP] Check Pods Manifest.lock */ = {
			isa = PBXShellScriptBuildPhase;
			buildActionMask = 2147483647;
			files = (
			);
			inputFileListPaths = (
			);
			inputPaths = (
				"${PODS_PODFILE_DIR_PATH}/Podfile.lock",
				"${PODS_ROOT}/Manifest.lock",
			);
			name = "[CP] Check Pods Manifest.lock";
			outputFileListPaths = (
			);
			outputPaths = (
				"$(DERIVED_FILE_DIR)/Pods-MessageMyFriendsUITests-checkManifestLockResult.txt",
			);
			runOnlyForDeploymentPostprocessing = 0;
			shellPath = /bin/sh;
			shellScript = "diff \"${PODS_PODFILE_DIR_PATH}/Podfile.lock\" \"${PODS_ROOT}/Manifest.lock\" > /dev/null\nif [ $? != 0 ] ; then\n    # print error to STDERR\n    echo \"error: The sandbox is not in sync with the Podfile.lock. Run 'pod install' or update your CocoaPods installation.\" >&2\n    exit 1\nfi\n# This output is used by Xcode 'outputs' to avoid re-running this script phase.\necho \"SUCCESS\" > \"${SCRIPT_OUTPUT_FILE_0}\"\n";
			showEnvVarsInLog = 0;
		};
/* End PBXShellScriptBuildPhase section */

/* Begin PBXSourcesBuildPhase section */
		7B5AFE592237157700B6168B /* Sources */ = {
			isa = PBXSourcesBuildPhase;
			buildActionMask = 2147483647;
			files = (
				7B5AFE972238643400B6168B /* FriendCell.swift in Sources */,
				7B5AFE9B2239015E00B6168B /* ConfigUserVC-uisetup.swift in Sources */,
				7B5AFE632237157700B6168B /* LaunchVC.swift in Sources */,
				7B5AFE95223863CF00B6168B /* AddFriendVC-table.swift in Sources */,
				7B5AFE992238659000B6168B /* FirebaseAPIHelper.swift in Sources */,
				7B5AFE862237668800B6168B /* AppDelegate-linkhandling.swift in Sources */,
				7B5AFE882237693A00B6168B /* User.swift in Sources */,
				7B5AFE8A22377F6700B6168B /* ConfigUserVC.swift in Sources */,
				7B5AFE932237855500B6168B /* LoginVC-uisetup.swift in Sources */,
				7B5AFEA12239FA9900B6168B /* HomeVC-coordinate.swift in Sources */,
				0C2502BD22372C060078ED6C /* HomeVC.swift in Sources */,
				7B5AFE9D2239F92E00B6168B /* HomeVC-map.swift in Sources */,
				0C2502BB2237249A0078ED6C /* LoginVC.swift in Sources */,
				7B5AFE9F2239F95A00B6168B /* HomeVC-uisetup.swift in Sources */,
				7B5AFE8C2237842800B6168B /* AddFriendVC.swift in Sources */,
				7B5AFE612237157700B6168B /* AppDelegate.swift in Sources */,
			);
			runOnlyForDeploymentPostprocessing = 0;
		};
		7B5AFE6D2237157B00B6168B /* Sources */ = {
			isa = PBXSourcesBuildPhase;
			buildActionMask = 2147483647;
			files = (
				7B5AFE762237157B00B6168B /* MessageMyFriendsUITests.swift in Sources */,
			);
			runOnlyForDeploymentPostprocessing = 0;
		};
/* End PBXSourcesBuildPhase section */

/* Begin PBXTargetDependency section */
		7B5AFE732237157B00B6168B /* PBXTargetDependency */ = {
			isa = PBXTargetDependency;
			target = 7B5AFE5C2237157700B6168B /* MessageMyFriends */;
			targetProxy = 7B5AFE722237157B00B6168B /* PBXContainerItemProxy */;
		};
/* End PBXTargetDependency section */

/* Begin PBXVariantGroup section */
		7B5AFE642237157700B6168B /* Main.storyboard */ = {
			isa = PBXVariantGroup;
			children = (
				7B5AFE652237157700B6168B /* Base */,
			);
			name = Main.storyboard;
			sourceTree = "<group>";
		};
		7B5AFE692237157B00B6168B /* LaunchScreen.storyboard */ = {
			isa = PBXVariantGroup;
			children = (
				7B5AFE6A2237157B00B6168B /* Base */,
			);
			name = LaunchScreen.storyboard;
			sourceTree = "<group>";
		};
/* End PBXVariantGroup section */

/* Begin XCBuildConfiguration section */
		7B5AFE782237157B00B6168B /* Debug */ = {
			isa = XCBuildConfiguration;
			buildSettings = {
				ALWAYS_SEARCH_USER_PATHS = NO;
				CLANG_ANALYZER_NONNULL = YES;
				CLANG_ANALYZER_NUMBER_OBJECT_CONVERSION = YES_AGGRESSIVE;
				CLANG_CXX_LANGUAGE_STANDARD = "gnu++14";
				CLANG_CXX_LIBRARY = "libc++";
				CLANG_ENABLE_MODULES = YES;
				CLANG_ENABLE_OBJC_ARC = YES;
				CLANG_ENABLE_OBJC_WEAK = YES;
				CLANG_WARN_BLOCK_CAPTURE_AUTORELEASING = YES;
				CLANG_WARN_BOOL_CONVERSION = YES;
				CLANG_WARN_COMMA = YES;
				CLANG_WARN_CONSTANT_CONVERSION = YES;
				CLANG_WARN_DEPRECATED_OBJC_IMPLEMENTATIONS = YES;
				CLANG_WARN_DIRECT_OBJC_ISA_USAGE = YES_ERROR;
				CLANG_WARN_DOCUMENTATION_COMMENTS = YES;
				CLANG_WARN_EMPTY_BODY = YES;
				CLANG_WARN_ENUM_CONVERSION = YES;
				CLANG_WARN_INFINITE_RECURSION = YES;
				CLANG_WARN_INT_CONVERSION = YES;
				CLANG_WARN_NON_LITERAL_NULL_CONVERSION = YES;
				CLANG_WARN_OBJC_IMPLICIT_RETAIN_SELF = YES;
				CLANG_WARN_OBJC_LITERAL_CONVERSION = YES;
				CLANG_WARN_OBJC_ROOT_CLASS = YES_ERROR;
				CLANG_WARN_RANGE_LOOP_ANALYSIS = YES;
				CLANG_WARN_STRICT_PROTOTYPES = YES;
				CLANG_WARN_SUSPICIOUS_MOVE = YES;
				CLANG_WARN_UNGUARDED_AVAILABILITY = YES_AGGRESSIVE;
				CLANG_WARN_UNREACHABLE_CODE = YES;
				CLANG_WARN__DUPLICATE_METHOD_MATCH = YES;
				CODE_SIGN_IDENTITY = "iPhone Developer";
				COPY_PHASE_STRIP = NO;
				DEBUG_INFORMATION_FORMAT = dwarf;
				ENABLE_STRICT_OBJC_MSGSEND = YES;
				ENABLE_TESTABILITY = YES;
				GCC_C_LANGUAGE_STANDARD = gnu11;
				GCC_DYNAMIC_NO_PIC = NO;
				GCC_NO_COMMON_BLOCKS = YES;
				GCC_OPTIMIZATION_LEVEL = 0;
				GCC_PREPROCESSOR_DEFINITIONS = (
					"DEBUG=1",
					"$(inherited)",
				);
				GCC_WARN_64_TO_32_BIT_CONVERSION = YES;
				GCC_WARN_ABOUT_RETURN_TYPE = YES_ERROR;
				GCC_WARN_UNDECLARED_SELECTOR = YES;
				GCC_WARN_UNINITIALIZED_AUTOS = YES_AGGRESSIVE;
				GCC_WARN_UNUSED_FUNCTION = YES;
				GCC_WARN_UNUSED_VARIABLE = YES;
				IPHONEOS_DEPLOYMENT_TARGET = 12.1;
				MTL_ENABLE_DEBUG_INFO = INCLUDE_SOURCE;
				MTL_FAST_MATH = YES;
				ONLY_ACTIVE_ARCH = YES;
				SDKROOT = iphoneos;
				SWIFT_ACTIVE_COMPILATION_CONDITIONS = DEBUG;
				SWIFT_OPTIMIZATION_LEVEL = "-Onone";
			};
			name = Debug;
		};
		7B5AFE792237157B00B6168B /* Release */ = {
			isa = XCBuildConfiguration;
			buildSettings = {
				ALWAYS_SEARCH_USER_PATHS = NO;
				CLANG_ANALYZER_NONNULL = YES;
				CLANG_ANALYZER_NUMBER_OBJECT_CONVERSION = YES_AGGRESSIVE;
				CLANG_CXX_LANGUAGE_STANDARD = "gnu++14";
				CLANG_CXX_LIBRARY = "libc++";
				CLANG_ENABLE_MODULES = YES;
				CLANG_ENABLE_OBJC_ARC = YES;
				CLANG_ENABLE_OBJC_WEAK = YES;
				CLANG_WARN_BLOCK_CAPTURE_AUTORELEASING = YES;
				CLANG_WARN_BOOL_CONVERSION = YES;
				CLANG_WARN_COMMA = YES;
				CLANG_WARN_CONSTANT_CONVERSION = YES;
				CLANG_WARN_DEPRECATED_OBJC_IMPLEMENTATIONS = YES;
				CLANG_WARN_DIRECT_OBJC_ISA_USAGE = YES_ERROR;
				CLANG_WARN_DOCUMENTATION_COMMENTS = YES;
				CLANG_WARN_EMPTY_BODY = YES;
				CLANG_WARN_ENUM_CONVERSION = YES;
				CLANG_WARN_INFINITE_RECURSION = YES;
				CLANG_WARN_INT_CONVERSION = YES;
				CLANG_WARN_NON_LITERAL_NULL_CONVERSION = YES;
				CLANG_WARN_OBJC_IMPLICIT_RETAIN_SELF = YES;
				CLANG_WARN_OBJC_LITERAL_CONVERSION = YES;
				CLANG_WARN_OBJC_ROOT_CLASS = YES_ERROR;
				CLANG_WARN_RANGE_LOOP_ANALYSIS = YES;
				CLANG_WARN_STRICT_PROTOTYPES = YES;
				CLANG_WARN_SUSPICIOUS_MOVE = YES;
				CLANG_WARN_UNGUARDED_AVAILABILITY = YES_AGGRESSIVE;
				CLANG_WARN_UNREACHABLE_CODE = YES;
				CLANG_WARN__DUPLICATE_METHOD_MATCH = YES;
				CODE_SIGN_IDENTITY = "iPhone Developer";
				COPY_PHASE_STRIP = NO;
				DEBUG_INFORMATION_FORMAT = "dwarf-with-dsym";
				ENABLE_NS_ASSERTIONS = NO;
				ENABLE_STRICT_OBJC_MSGSEND = YES;
				GCC_C_LANGUAGE_STANDARD = gnu11;
				GCC_NO_COMMON_BLOCKS = YES;
				GCC_WARN_64_TO_32_BIT_CONVERSION = YES;
				GCC_WARN_ABOUT_RETURN_TYPE = YES_ERROR;
				GCC_WARN_UNDECLARED_SELECTOR = YES;
				GCC_WARN_UNINITIALIZED_AUTOS = YES_AGGRESSIVE;
				GCC_WARN_UNUSED_FUNCTION = YES;
				GCC_WARN_UNUSED_VARIABLE = YES;
				IPHONEOS_DEPLOYMENT_TARGET = 12.1;
				MTL_ENABLE_DEBUG_INFO = NO;
				MTL_FAST_MATH = YES;
				SDKROOT = iphoneos;
				SWIFT_COMPILATION_MODE = wholemodule;
				SWIFT_OPTIMIZATION_LEVEL = "-O";
				VALIDATE_PRODUCT = YES;
			};
			name = Release;
		};
		7B5AFE7B2237157B00B6168B /* Debug */ = {
			isa = XCBuildConfiguration;
			baseConfigurationReference = AAF3AEB146399F8AD367526C /* Pods-MessageMyFriends.debug.xcconfig */;
			buildSettings = {
				ASSETCATALOG_COMPILER_APPICON_NAME = AppIcon;
				CODE_SIGN_ENTITLEMENTS = MessageMyFriends/MessageMyFriends.entitlements;
				CODE_SIGN_STYLE = Automatic;
				DEVELOPMENT_TEAM = Y2JVY29H4R;
				INFOPLIST_FILE = MessageMyFriends/Info.plist;
				LD_RUNPATH_SEARCH_PATHS = (
					"$(inherited)",
					"@executable_path/Frameworks",
				);
				PRODUCT_BUNDLE_IDENTIFIER = com.mdb.iostraining.sp19.mp5.lastMP;
				PRODUCT_NAME = "$(TARGET_NAME)";
				SWIFT_VERSION = 4.2;
				TARGETED_DEVICE_FAMILY = "1,2";
			};
			name = Debug;
		};
		7B5AFE7C2237157B00B6168B /* Release */ = {
			isa = XCBuildConfiguration;
			baseConfigurationReference = 18C7369A3554995178340DF1 /* Pods-MessageMyFriends.release.xcconfig */;
			buildSettings = {
				ASSETCATALOG_COMPILER_APPICON_NAME = AppIcon;
				CODE_SIGN_ENTITLEMENTS = MessageMyFriends/MessageMyFriends.entitlements;
				CODE_SIGN_STYLE = Automatic;
				DEVELOPMENT_TEAM = Y2JVY29H4R;
				INFOPLIST_FILE = MessageMyFriends/Info.plist;
				LD_RUNPATH_SEARCH_PATHS = (
					"$(inherited)",
					"@executable_path/Frameworks",
				);
				PRODUCT_BUNDLE_IDENTIFIER = com.mdb.iostraining.sp19.mp5.lastMP;
				PRODUCT_NAME = "$(TARGET_NAME)";
				SWIFT_VERSION = 4.2;
				TARGETED_DEVICE_FAMILY = "1,2";
			};
			name = Release;
		};
		7B5AFE7E2237157B00B6168B /* Debug */ = {
			isa = XCBuildConfiguration;
			baseConfigurationReference = 421DEEE395006332326121A8 /* Pods-MessageMyFriendsUITests.debug.xcconfig */;
			buildSettings = {
				ALWAYS_EMBED_SWIFT_STANDARD_LIBRARIES = YES;
				CODE_SIGN_STYLE = Automatic;
				DEVELOPMENT_TEAM = Y2JVY29H4R;
				INFOPLIST_FILE = MessageMyFriendsUITests/Info.plist;
				LD_RUNPATH_SEARCH_PATHS = (
					"$(inherited)",
					"@executable_path/Frameworks",
					"@loader_path/Frameworks",
				);
				PRODUCT_BUNDLE_IDENTIFIER = me.MessageMyFriendsUITests;
				PRODUCT_NAME = "$(TARGET_NAME)";
				SWIFT_VERSION = 4.2;
				TARGETED_DEVICE_FAMILY = "1,2";
				TEST_TARGET_NAME = MessageMyFriends;
			};
			name = Debug;
		};
		7B5AFE7F2237157B00B6168B /* Release */ = {
			isa = XCBuildConfiguration;
			baseConfigurationReference = 94A003F0A5A52E6D651E34A4 /* Pods-MessageMyFriendsUITests.release.xcconfig */;
			buildSettings = {
				ALWAYS_EMBED_SWIFT_STANDARD_LIBRARIES = YES;
				CODE_SIGN_STYLE = Automatic;
				DEVELOPMENT_TEAM = Y2JVY29H4R;
				INFOPLIST_FILE = MessageMyFriendsUITests/Info.plist;
				LD_RUNPATH_SEARCH_PATHS = (
					"$(inherited)",
					"@executable_path/Frameworks",
					"@loader_path/Frameworks",
				);
				PRODUCT_BUNDLE_IDENTIFIER = me.MessageMyFriendsUITests;
				PRODUCT_NAME = "$(TARGET_NAME)";
				SWIFT_VERSION = 4.2;
				TARGETED_DEVICE_FAMILY = "1,2";
				TEST_TARGET_NAME = MessageMyFriends;
			};
			name = Release;
		};
/* End XCBuildConfiguration section */

/* Begin XCConfigurationList section */
		7B5AFE582237157700B6168B /* Build configuration list for PBXProject "MessageMyFriends" */ = {
			isa = XCConfigurationList;
			buildConfigurations = (
				7B5AFE782237157B00B6168B /* Debug */,
				7B5AFE792237157B00B6168B /* Release */,
			);
			defaultConfigurationIsVisible = 0;
			defaultConfigurationName = Release;
		};
		7B5AFE7A2237157B00B6168B /* Build configuration list for PBXNativeTarget "MessageMyFriends" */ = {
			isa = XCConfigurationList;
			buildConfigurations = (
				7B5AFE7B2237157B00B6168B /* Debug */,
				7B5AFE7C2237157B00B6168B /* Release */,
			);
			defaultConfigurationIsVisible = 0;
			defaultConfigurationName = Release;
		};
		7B5AFE7D2237157B00B6168B /* Build configuration list for PBXNativeTarget "MessageMyFriendsUITests" */ = {
			isa = XCConfigurationList;
			buildConfigurations = (
				7B5AFE7E2237157B00B6168B /* Debug */,
				7B5AFE7F2237157B00B6168B /* Release */,
			);
			defaultConfigurationIsVisible = 0;
			defaultConfigurationName = Release;
		};
/* End XCConfigurationList section */
	};
	rootObject = 7B5AFE552237157700B6168B /* Project object */;
}
